{
  "name": "get-base64-image",
  "version": "1.0.0",
  "lockfileVersion": 1,
  "requires": true,
  "dependencies": {
    "now": {
      "version": "16.4.1",
      "resolved": "https://registry.npmjs.org/now/-/now-16.4.1.tgz",
      "integrity": "sha512-hTUyp2ik3RQ1C7c6u5KGuYHzN3W6Eaa8lSdXOiv7i8O/Yvu+WR+B+9RSZFtLyDs7FnfzzL6f6oOMBLnYPL+lzg=="
    }
  }
}
